
Microsoft Visual Studio Solution File, Format Version 12.00
Project("{FAE04EC0-301F-11D3-BF4B-00C04F79EFBC}") = "CC.UI", "CC.UI\CC.UI.csproj", "{DBFF3CF6-3482-45E2-B412-77CCA4811DB8}"
EndProject
Project("{2150E333-8FDC-42A3-9474-1A3956D46DE8}") = "ToolSet", "ToolSet", "{3A17477A-BC6E-4C93-99A6-D14A060D9D56}"
EndProject
Project("{FAE04EC0-301F-11D3-BF4B-00C04F79EFBC}") = "JsonParser", "JsonParser\JsonParser.csproj", "{4C0346DA-5506-42A9-A32E-5B5BDCCE0F87}"
EndProject
Project("{FAE04EC0-301F-11D3-BF4B-00C04F79EFBC}") = "SocketManager", "SocketManager\SocketManager.csproj", "{D125E1C4-8997-4BEA-BE3E-F121F6ED2F17}"
EndProject
Project("{FAE04EC0-301F-11D3-BF4B-00C04F79EFBC}") = "CC.Core", "CC.Core\CC.Core.csproj", "{2391BC04-760C-4416-8D39-6F8705F3C4D3}"
EndProject
Project("{FAE04EC0-301F-11D3-BF4B-00C04F79EFBC}") = "CC.Data", "CC.Data\CC.Data.csproj", "{B8C23D87-D37B-455A-8CAE-7741BA025C30}"
EndProject
Project("{FAE04EC0-301F-11D3-BF4B-00C04F79EFBC}") = "CamFusion", "CamFusion\CamFusion.csproj", "{5F396437-C8BD-4D59-973E-B2ED23AE2158}"
EndProject
Project("{2150E333-8FDC-42A3-9474-1A3956D46DE8}") = "CC", "CC", "{B33116AF-EFD7-472F-A2D4-45E4EF29089F}"
EndProject
Project("{FAE04EC0-301F-11D3-BF4B-00C04F79EFBC}") = "PrinterHandler", "PrinterHandler\PrinterHandler.csproj", "{8EEB6F01-076F-4B4F-A63C-CB83A17A359A}"
EndProject
Global
	GlobalSection(SolutionConfigurationPlatforms) = preSolution
		Debug|Any CPU = Debug|Any CPU
		Release|Any CPU = Release|Any CPU
	EndGlobalSection
	GlobalSection(ProjectConfigurationPlatforms) = postSolution
		{DBFF3CF6-3482-45E2-B412-77CCA4811DB8}.Debug|Any CPU.ActiveCfg = Debug|Any CPU
		{DBFF3CF6-3482-45E2-B412-77CCA4811DB8}.Debug|Any CPU.Build.0 = Debug|Any CPU
		{DBFF3CF6-3482-45E2-B412-77CCA4811DB8}.Release|Any CPU.ActiveCfg = Release|Any CPU
		{DBFF3CF6-3482-45E2-B412-77CCA4811DB8}.Release|Any CPU.Build.0 = Release|Any CPU
		{4C0346DA-5506-42A9-A32E-5B5BDCCE0F87}.Debug|Any CPU.ActiveCfg = Debug|Any CPU
		{4C0346DA-5506-42A9-A32E-5B5BDCCE0F87}.Debug|Any CPU.Build.0 = Debug|Any CPU
		{4C0346DA-5506-42A9-A32E-5B5BDCCE0F87}.Release|Any CPU.ActiveCfg = Release|Any CPU
		{4C0346DA-5506-42A9-A32E-5B5BDCCE0F87}.Release|Any CPU.Build.0 = Release|Any CPU
		{D125E1C4-8997-4BEA-BE3E-F121F6ED2F17}.Debug|Any CPU.ActiveCfg = Debug|Any CPU
		{D125E1C4-8997-4BEA-BE3E-F121F6ED2F17}.Debug|Any CPU.Build.0 = Debug|Any CPU
		{D125E1C4-8997-4BEA-BE3E-F121F6ED2F17}.Release|Any CPU.ActiveCfg = Release|Any CPU
		{D125E1C4-8997-4BEA-BE3E-F121F6ED2F17}.Release|Any CPU.Build.0 = Release|Any CPU
		{2391BC04-760C-4416-8D39-6F8705F3C4D3}.Debug|Any CPU.ActiveCfg = Debug|Any CPU
		{2391BC04-760C-4416-8D39-6F8705F3C4D3}.Debug|Any CPU.Build.0 = Debug|Any CPU
		{2391BC04-760C-4416-8D39-6F8705F3C4D3}.Release|Any CPU.ActiveCfg = Release|Any CPU
		{2391BC04-760C-4416-8D39-6F8705F3C4D3}.Release|Any CPU.Build.0 = Release|Any CPU
		{B8C23D87-D37B-455A-8CAE-7741BA025C30}.Debug|Any CPU.ActiveCfg = Debug|Any CPU
		{B8C23D87-D37B-455A-8CAE-7741BA025C30}.Debug|Any CPU.Build.0 = Debug|Any CPU
		{B8C23D87-D37B-455A-8CAE-7741BA025C30}.Release|Any CPU.ActiveCfg = Release|Any CPU
		{B8C23D87-D37B-455A-8CAE-7741BA025C30}.Release|Any CPU.Build.0 = Release|Any CPU
		{5F396437-C8BD-4D59-973E-B2ED23AE2158}.Debug|Any CPU.ActiveCfg = Debug|Any CPU
		{5F396437-C8BD-4D59-973E-B2ED23AE2158}.Debug|Any CPU.Build.0 = Debug|Any CPU
		{5F396437-C8BD-4D59-973E-B2ED23AE2158}.Release|Any CPU.ActiveCfg = Release|Any CPU
		{5F396437-C8BD-4D59-973E-B2ED23AE2158}.Release|Any CPU.Build.0 = Release|Any CPU
		{8EEB6F01-076F-4B4F-A63C-CB83A17A359A}.Debug|Any CPU.ActiveCfg = Debug|Any CPU
		{8EEB6F01-076F-4B4F-A63C-CB83A17A359A}.Debug|Any CPU.Build.0 = Debug|Any CPU
		{8EEB6F01-076F-4B4F-A63C-CB83A17A359A}.Release|Any CPU.ActiveCfg = Release|Any CPU
		{8EEB6F01-076F-4B4F-A63C-CB83A17A359A}.Release|Any CPU.Build.0 = Release|Any CPU
	EndGlobalSection
	GlobalSection(NestedProjects) = preSolution
		{4C0346DA-5506-42A9-A32E-5B5BDCCE0F87} = {3A17477A-BC6E-4C93-99A6-D14A060D9D56}
		{D125E1C4-8997-4BEA-BE3E-F121F6ED2F17} = {3A17477A-BC6E-4C93-99A6-D14A060D9D56}
		{2391BC04-760C-4416-8D39-6F8705F3C4D3} = {B33116AF-EFD7-472F-A2D4-45E4EF29089F}
		{B8C23D87-D37B-455A-8CAE-7741BA025C30} = {B33116AF-EFD7-472F-A2D4-45E4EF29089F}
		{DBFF3CF6-3482-45E2-B412-77CCA4811DB8} = {B33116AF-EFD7-472F-A2D4-45E4EF29089F}
	EndGlobalSection
EndGlobal
